
Microsoft Visual Studio Solution File, Format Version 12.00
# Visual Studio Version 17
VisualStudioVersion = 17.3.32929.385
MinimumVisualStudioVersion = 10.0.40219.1
Project("{FAE04EC0-301F-11D3-BF4B-00C04F79EFBC}") = "BulkyWeb", "BulkyWeb\BulkyWeb.csproj", "{C4118D1D-E87F-44E3-88DB-4540ECCCCAF2}"
EndProject
Global
	GlobalSection(SolutionConfigurationPlatforms) = preSolution
		Debug|Any CPU = Debug|Any CPU
		Release|Any CPU = Release|Any CPU
	EndGlobalSection
	GlobalSection(ProjectConfigurationPlatforms) = postSolution
		{C4118D1D-E87F-44E3-88DB-4540ECCCCAF2}.Debug|Any CPU.ActiveCfg = Debug|Any CPU
		{C4118D1D-E87F-44E3-88DB-4540ECCCCAF2}.Debug|Any CPU.Build.0 = Debug|Any CPU
		{C4118D1D-E87F-44E3-88DB-4540ECCCCAF2}.Release|Any CPU.ActiveCfg = Release|Any CPU
		{C4118D1D-E87F-44E3-88DB-4540ECCCCAF2}.Release|Any CPU.Build.0 = Release|Any CPU
	EndGlobalSection
	GlobalSection(SolutionProperties) = preSolution
		HideSolutionNode = FALSE
	EndGlobalSection
	GlobalSection(ExtensibilityGlobals) = postSolution
		SolutionGuid = {57B5A972-61AB-4D34-A881-42BB680A3C0C}
	EndGlobalSection
EndGlobal
